
Microsoft Visual Studio Solution File, Format Version 12.00
# Visual Studio Version 17
VisualStudioVersion = 17.4.33110.190
MinimumVisualStudioVersion = 10.0.40219.1
Project("{FAE04EC0-301F-11D3-BF4B-00C04F79EFBC}") = "TreinandoGenerics", "TreinandoGenerics.csproj", "{20C98856-5A21-480B-9404-33CB13185B89}"
EndProject
Global
	GlobalSection(SolutionConfigurationPlatforms) = preSolution
		Debug|Any CPU = Debug|Any CPU
		Release|Any CPU = Release|Any CPU
	EndGlobalSection
	GlobalSection(ProjectConfigurationPlatforms) = postSolution
		{20C98856-5A21-480B-9404-33CB13185B89}.Debug|Any CPU.ActiveCfg = Debug|Any CPU
		{20C98856-5A21-480B-9404-33CB13185B89}.Debug|Any CPU.Build.0 = Debug|Any CPU
		{20C98856-5A21-480B-9404-33CB13185B89}.Release|Any CPU.ActiveCfg = Release|Any CPU
		{20C98856-5A21-480B-9404-33CB13185B89}.Release|Any CPU.Build.0 = Release|Any CPU
	EndGlobalSection
	GlobalSection(SolutionProperties) = preSolution
		HideSolutionNode = FALSE
	EndGlobalSection
	GlobalSection(ExtensibilityGlobals) = postSolution
		SolutionGuid = {F5AF95A8-3A63-4225-B291-83B11985BB98}
	EndGlobalSection
EndGlobal
